<?xml version="1.0" encoding="utf-8"?>
<Project ToolsVersion="4.0" xmlns="http://schemas.microsoft.com/developer/msbuild/2003">
  <ItemGroup>
    <ClCompile Include="src\Log.cpp">
      <Filter>Tools</Filter>
    </ClCompile>
    <ClCompile Include="src\PerfTimer.cpp">
      <Filter>Tools</Filter>
    </ClCompile>
    <ClCompile Include="src\Vector2D.cpp">
      <Filter>Tools</Filter>
    </ClCompile>
    <ClCompile Include="src\Timer.cpp">
      <Filter>Tools</Filter>
    </ClCompile>
    <ClCompile Include="src\Textures.cpp">
      <Filter>Tools</Filter>
    </ClCompile>
    <ClCompile Include="src\Sprite.cpp">
      <Filter>Tools</Filter>
    </ClCompile>
    <ClCompile Include="src\Projectile.cpp">
      <Filter>Game</Filter>
    </ClCompile>
    <ClCompile Include="src\Player.cpp">
      <Filter>Game</Filter>
    </ClCompile>
    <ClCompile Include="src\Audio.cpp">
      <Filter>Engine</Filter>
    </ClCompile>
    <ClCompile Include="src\Engine.cpp">
      <Filter>Engine</Filter>
    </ClCompile>
    <ClCompile Include="src\EntityManager.cpp">
      <Filter>Engine</Filter>
    </ClCompile>
    <ClCompile Include="src\Input.cpp">
      <Filter>Engine</Filter>
    </ClCompile>
    <ClCompile Include="src\Map.cpp">
      <Filter>Engine</Filter>
    </ClCompile>
    <ClCompile Include="src\Physics.cpp">
      <Filter>Engine</Filter>
    </ClCompile>
    <ClCompile Include="src\PlatformGame.cpp">
      <Filter>Engine</Filter>
    </ClCompile>
    <ClCompile Include="src\Render.cpp">
      <Filter>Engine</Filter>
    </ClCompile>
    <ClCompile Include="src\Window.cpp">
      <Filter>Engine</Filter>
    </ClCompile>
    <ClCompile Include="src\Pathfinding.cpp">
      <Filter>Engine</Filter>
    </ClCompile>
    <ClCompile Include="src\GuiControlButton.cpp">
      <Filter>Engine\UI</Filter>
    </ClCompile>
    <ClCompile Include="src\GuiManager.cpp">
      <Filter>Engine\UI</Filter>
    </ClCompile>
    <ClCompile Include="src\Bee.cpp">
      <Filter>Game\Enemies\Type %28Enemies%29</Filter>
    </ClCompile>
    <ClCompile Include="src\Boar.cpp">
      <Filter>Game\Enemies\Type %28Enemies%29</Filter>
    </ClCompile>
    <ClCompile Include="src\Enemy.cpp">
      <Filter>Game\Enemies</Filter>
    </ClCompile>
    <ClCompile Include="src\Hedgehog.cpp">
      <Filter>Game\Enemies\Type %28Enemies%29</Filter>
    </ClCompile>
    <ClCompile Include="src\Octopus.cpp">
      <Filter>Game\Enemies\Type %28Enemies%29</Filter>
    </ClCompile>
    <ClCompile Include="src\Scene.cpp">
      <Filter>Game\Scenes</Filter>
    </ClCompile>
    <ClCompile Include="src\CreditsScene.cpp">
      <Filter>Game\Scenes\Type %28Scene%29</Filter>
    </ClCompile>
    <ClCompile Include="src\MainMenu.cpp">
      <Filter>Game\Scenes\Type %28Scene%29</Filter>
    </ClCompile>
    <ClCompile Include="src\OptionsScene.cpp">
      <Filter>Game\Scenes\Type %28Scene%29</Filter>
    </ClCompile>
    <ClCompile Include="src\Boulder.cpp">
      <Filter>Game\Map Objects</Filter>
    </ClCompile>
    <ClCompile Include="src\Item.cpp">
      <Filter>Game\Map Objects\Collectables</Filter>
    </ClCompile>
    <ClCompile Include="src\GameHUD.cpp">
      <Filter>Engine\UI</Filter>
    </ClCompile>
    <ClCompile Include="src\GameHUD.cpp">
      <Filter>Engine\UI</Filter>
    </ClCompile>
  </ItemGroup>
  <ItemGroup>
    <ClInclude Include="src\Log.h">
      <Filter>Tools</Filter>
    </ClInclude>
    <ClInclude Include="src\PerfTimer.h">
      <Filter>Tools</Filter>
    </ClInclude>
    <ClInclude Include="src\Vector2D.h">
      <Filter>Tools</Filter>
    </ClInclude>
    <ClInclude Include="src\Timer.h">
      <Filter>Tools</Filter>
    </ClInclude>
    <ClInclude Include="src\Textures.h">
      <Filter>Tools</Filter>
    </ClInclude>
    <ClInclude Include="src\Sprite.h">
      <Filter>Tools</Filter>
    </ClInclude>
    <ClInclude Include="src\Projectile.h">
      <Filter>Game</Filter>
    </ClInclude>
    <ClInclude Include="src\Player.h">
      <Filter>Game</Filter>
    </ClInclude>
    <ClInclude Include="src\Parallax.h">
      <Filter>Game</Filter>
    </ClInclude>
    <ClInclude Include="src\Audio.h">
      <Filter>Engine</Filter>
    </ClInclude>
    <ClInclude Include="src\Engine.h">
      <Filter>Engine</Filter>
    </ClInclude>
    <ClInclude Include="src\Entity.h">
      <Filter>Engine</Filter>
    </ClInclude>
    <ClInclude Include="src\EntityManager.h">
      <Filter>Engine</Filter>
    </ClInclude>
    <ClInclude Include="src\Input.h">
      <Filter>Engine</Filter>
    </ClInclude>
    <ClInclude Include="src\Map.h">
      <Filter>Engine</Filter>
    </ClInclude>
    <ClInclude Include="src\Module.h">
      <Filter>Engine</Filter>
    </ClInclude>
    <ClInclude Include="src\Physics.h">
      <Filter>Engine</Filter>
    </ClInclude>
    <ClInclude Include="src\Render.h">
      <Filter>Engine</Filter>
    </ClInclude>
    <ClInclude Include="src\Window.h">
      <Filter>Engine</Filter>
    </ClInclude>
    <ClInclude Include="src\Pathfinding.h">
      <Filter>Engine</Filter>
    </ClInclude>
    <ClInclude Include="src\GuiControl.h">
      <Filter>Engine\UI</Filter>
    </ClInclude>
    <ClInclude Include="src\GuiManager.h">
      <Filter>Engine\UI</Filter>
    </ClInclude>
    <ClInclude Include="src\GuiControlButton.h">
      <Filter>Engine\UI</Filter>
    </ClInclude>
    <ClInclude Include="src\Bee.h">
      <Filter>Game\Enemies\Type %28Enemies%29</Filter>
    </ClInclude>
    <ClInclude Include="src\Boar.h">
      <Filter>Game\Enemies\Type %28Enemies%29</Filter>
    </ClInclude>
    <ClInclude Include="src\Enemy.h">
      <Filter>Game\Enemies</Filter>
    </ClInclude>
    <ClInclude Include="src\Hedgehog.h">
      <Filter>Game\Enemies\Type %28Enemies%29</Filter>
    </ClInclude>
    <ClInclude Include="src\Octopus.h">
      <Filter>Game\Enemies\Type %28Enemies%29</Filter>
    </ClInclude>
    <ClInclude Include="src\Scene.h">
      <Filter>Game\Scenes</Filter>
    </ClInclude>
    <ClInclude Include="src\CreditsScene.h">
      <Filter>Game\Scenes\Type %28Scene%29</Filter>
    </ClInclude>
    <ClInclude Include="src\MainMenu.h">
      <Filter>Game\Scenes\Type %28Scene%29</Filter>
    </ClInclude>
    <ClInclude Include="src\OptionsScene.h">
      <Filter>Game\Scenes\Type %28Scene%29</Filter>
    </ClInclude>
    <ClInclude Include="src\Boulder.h">
      <Filter>Game\Map Objects</Filter>
    </ClInclude>
    <ClInclude Include="src\Item.h">
      <Filter>Game\Map Objects\Collectables</Filter>
    </ClInclude>
    <ClInclude Include="src\GameHUD.h">
      <Filter>Engine\UI</Filter>
    </ClInclude>
  </ItemGroup>
  <ItemGroup>
    <None Include=".gitignore">
      <Filter>Config</Filter>
    </None>
    <None Include="vcpkg.json">
      <Filter>Config</Filter>
    </None>
    <None Include="vcpkg-configuration.json">
      <Filter>Config</Filter>
    </None>
  </ItemGroup>
  <ItemGroup>
    <Filter Include="Tools">
      <UniqueIdentifier>{ff7bf367-fea9-4ecb-93d0-bb1f4307d90c}</UniqueIdentifier>
    </Filter>
    <Filter Include="Game">
      <UniqueIdentifier>{e9c7c846-004a-4229-8808-d21ebdd32091}</UniqueIdentifier>
    </Filter>
    <Filter Include="Config">
      <UniqueIdentifier>{15c93d14-0dd8-415c-b8f4-6cacf38edf3e}</UniqueIdentifier>
    </Filter>
    <Filter Include="Engine">
      <UniqueIdentifier>{f826cf23-96ba-424b-ac74-e345613500dc}</UniqueIdentifier>
    </Filter>
    <Filter Include="Engine\UI">
      <UniqueIdentifier>{aeec71b9-1704-400c-b37f-d412134c58c0}</UniqueIdentifier>
    </Filter>
    <Filter Include="Game\Enemies">
      <UniqueIdentifier>{c9c89809-c15a-44f7-a693-9cc2ca444d2d}</UniqueIdentifier>
    </Filter>
    <Filter Include="Game\Enemies\Type %28Enemies%29">
      <UniqueIdentifier>{505462bd-90cd-495a-9716-0d8d26698909}</UniqueIdentifier>
    </Filter>
    <Filter Include="Game\Scenes">
      <UniqueIdentifier>{eccd03f1-000d-4623-857a-1726bf82dadc}</UniqueIdentifier>
    </Filter>
    <Filter Include="Game\Scenes\Type %28Scene%29">
      <UniqueIdentifier>{0752a9d9-90eb-4d96-aadc-85e18c9b1ea6}</UniqueIdentifier>
    </Filter>
    <Filter Include="Game\Map Objects">
      <UniqueIdentifier>{a96343d5-f813-469a-be28-c7c25de1071d}</UniqueIdentifier>
    </Filter>
    <Filter Include="Game\Map Objects\Collectables">
      <UniqueIdentifier>{57a66473-bbec-4d3b-a428-0b151a438e36}</UniqueIdentifier>
    </Filter>
  </ItemGroup>
  <ItemGroup>
    <Xml Include="config.xml">
      <Filter>Config</Filter>
    </Xml>
  </ItemGroup>
</Project>